
Microsoft Visual Studio Solution File, Format Version 12.00
# Visual Studio Version 16
VisualStudioVersion = 16.0.31025.194
MinimumVisualStudioVersion = 10.0.40219.1
Project("{8BC9CEB8-8B4A-11D0-8D11-00A0C91BC942}") = "4-1_Exceptions", "4-1_Exceptions\4-1_Exceptions.vcxproj", "{6EF358F2-FB58-4FE4-B94C-8DF00AB8774B}"
EndProject
Global
	GlobalSection(SolutionConfigurationPlatforms) = preSolution
		Debug|x64 = Debug|x64
		Debug|x86 = Debug|x86
		Release|x64 = Release|x64
		Release|x86 = Release|x86
	EndGlobalSection
	GlobalSection(ProjectConfigurationPlatforms) = postSolution
		{6EF358F2-FB58-4FE4-B94C-8DF00AB8774B}.Debug|x64.ActiveCfg = Debug|x64
		{6EF358F2-FB58-4FE4-B94C-8DF00AB8774B}.Debug|x64.Build.0 = Debug|x64
		{6EF358F2-FB58-4FE4-B94C-8DF00AB8774B}.Debug|x86.ActiveCfg = Debug|Win32
		{6EF358F2-FB58-4FE4-B94C-8DF00AB8774B}.Debug|x86.Build.0 = Debug|Win32
		{6EF358F2-FB58-4FE4-B94C-8DF00AB8774B}.Release|x64.ActiveCfg = Release|x64
		{6EF358F2-FB58-4FE4-B94C-8DF00AB8774B}.Release|x64.Build.0 = Release|x64
		{6EF358F2-FB58-4FE4-B94C-8DF00AB8774B}.Release|x86.ActiveCfg = Release|Win32
		{6EF358F2-FB58-4FE4-B94C-8DF00AB8774B}.Release|x86.Build.0 = Release|Win32
	EndGlobalSection
	GlobalSection(SolutionProperties) = preSolution
		HideSolutionNode = FALSE
	EndGlobalSection
	GlobalSection(ExtensibilityGlobals) = postSolution
		SolutionGuid = {80F12BDF-D7FD-40B5-9B1E-0B5416D043C2}
	EndGlobalSection
EndGlobal
